
Microsoft Visual Studio Solution File, Format Version 12.00
# Visual Studio Version 17
VisualStudioVersion = 17.2.32526.322
MinimumVisualStudioVersion = 10.0.40219.1
Project("{FAE04EC0-301F-11D3-BF4B-00C04F79EFBC}") = "AppMarvel", "AppMarvel\AppMarvel.csproj", "{7DBE952F-1CA6-46E1-873F-173C32B08CF0}"
EndProject
Global
	GlobalSection(SolutionConfigurationPlatforms) = preSolution
		Debug|Any CPU = Debug|Any CPU
		Release|Any CPU = Release|Any CPU
	EndGlobalSection
	GlobalSection(ProjectConfigurationPlatforms) = postSolution
		{7DBE952F-1CA6-46E1-873F-173C32B08CF0}.Debug|Any CPU.ActiveCfg = Debug|Any CPU
		{7DBE952F-1CA6-46E1-873F-173C32B08CF0}.Debug|Any CPU.Build.0 = Debug|Any CPU
		{7DBE952F-1CA6-46E1-873F-173C32B08CF0}.Release|Any CPU.ActiveCfg = Release|Any CPU
		{7DBE952F-1CA6-46E1-873F-173C32B08CF0}.Release|Any CPU.Build.0 = Release|Any CPU
	EndGlobalSection
	GlobalSection(SolutionProperties) = preSolution
		HideSolutionNode = FALSE
	EndGlobalSection
	GlobalSection(ExtensibilityGlobals) = postSolution
		SolutionGuid = {6C3FA54E-3740-42EB-8BDB-92710F7FD826}
	EndGlobalSection
EndGlobal
